// !$*UTF8*$!
{
	archiveVersion = 1;
	classes = {
	};
	objectVersion = 54;
	objects = {

/* Begin PBXAggregateTarget section */
		"Nextbike::NextbikePackageTests::ProductTarget" /* NextbikePackageTests */ = {
			isa = PBXAggregateTarget;
			buildConfigurationList = OBJ_39 /* Build configuration list for PBXAggregateTarget "NextbikePackageTests" */;
			buildPhases = (
			);
			dependencies = (
				OBJ_42 /* PBXTargetDependency */,
			);
			name = NextbikePackageTests;
			productName = NextbikePackageTests;
		};
/* End PBXAggregateTarget section */

/* Begin PBXBuildFile section */
		3AAB96692C1A378E00055CBB /* NetworkManager.swift in Sources */ = {isa = PBXBuildFile; fileRef = 3AAB96682C1A378E00055CBB /* NetworkManager.swift */; };
		3AAB966A2C1A378E00055CBB /* NetworkManager.swift in Sources */ = {isa = PBXBuildFile; fileRef = 3AAB96682C1A378E00055CBB /* NetworkManager.swift */; };
		3AAB966C2C1A37A400055CBB /* Endpoint.swift in Sources */ = {isa = PBXBuildFile; fileRef = 3AAB966B2C1A37A400055CBB /* Endpoint.swift */; };
		3AAB966D2C1A37A400055CBB /* Endpoint.swift in Sources */ = {isa = PBXBuildFile; fileRef = 3AAB966B2C1A37A400055CBB /* Endpoint.swift */; };
		3AAB96722C1A37FF00055CBB /* Country.swift in Sources */ = {isa = PBXBuildFile; fileRef = 3AAB96712C1A37FF00055CBB /* Country.swift */; };
		3AAB96732C1A37FF00055CBB /* Country.swift in Sources */ = {isa = PBXBuildFile; fileRef = 3AAB96712C1A37FF00055CBB /* Country.swift */; };
		3AAB96752C1A380E00055CBB /* City.swift in Sources */ = {isa = PBXBuildFile; fileRef = 3AAB96742C1A380E00055CBB /* City.swift */; };
		3AAB96762C1A380E00055CBB /* City.swift in Sources */ = {isa = PBXBuildFile; fileRef = 3AAB96742C1A380E00055CBB /* City.swift */; };
		3AAB96782C1A382300055CBB /* Place.swift in Sources */ = {isa = PBXBuildFile; fileRef = 3AAB96772C1A382300055CBB /* Place.swift */; };
		3AAB96792C1A382300055CBB /* Place.swift in Sources */ = {isa = PBXBuildFile; fileRef = 3AAB96772C1A382300055CBB /* Place.swift */; };
		3AAB967B2C1A39A700055CBB /* Maps.swift in Sources */ = {isa = PBXBuildFile; fileRef = 3AAB967A2C1A39A700055CBB /* Maps.swift */; };
		3AAB967C2C1A39A700055CBB /* Maps.swift in Sources */ = {isa = PBXBuildFile; fileRef = 3AAB967A2C1A39A700055CBB /* Maps.swift */; };
		3AAB967E2C1AF45100055CBB /* Bikes.swift in Sources */ = {isa = PBXBuildFile; fileRef = 3AAB967D2C1AF45100055CBB /* Bikes.swift */; };
		3AAB967F2C1AF45100055CBB /* Bikes.swift in Sources */ = {isa = PBXBuildFile; fileRef = 3AAB967D2C1AF45100055CBB /* Bikes.swift */; };
		3AAB96822C1B071600055CBB /* AnyCodable in Frameworks */ = {isa = PBXBuildFile; productRef = 3AAB96812C1B071600055CBB /* AnyCodable */; };
		3AAB96842C1B0C9700055CBB /* FlexzoneResponse.swift in Sources */ = {isa = PBXBuildFile; fileRef = 3AAB96832C1B0C9700055CBB /* FlexzoneResponse.swift */; };
		3AAB96852C1B0C9700055CBB /* FlexzoneResponse.swift in Sources */ = {isa = PBXBuildFile; fileRef = 3AAB96832C1B0C9700055CBB /* FlexzoneResponse.swift */; };
		OBJ_21 /* Package.swift in Sources */ = {isa = PBXBuildFile; fileRef = OBJ_6 /* Package.swift */; };
		OBJ_27 /* NextbikeTests.swift in Sources */ = {isa = PBXBuildFile; fileRef = OBJ_12 /* NextbikeTests.swift */; };
		OBJ_29 /* Nextbike.framework in Frameworks */ = {isa = PBXBuildFile; fileRef = "Nextbike::Nextbike::Product" /* Nextbike.framework */; };
		OBJ_36 /* Nextbike.swift in Sources */ = {isa = PBXBuildFile; fileRef = OBJ_9 /* Nextbike.swift */; };
/* End PBXBuildFile section */

/* Begin PBXContainerItemProxy section */
		39C5EE241F8120EA004E3111 /* PBXContainerItemProxy */ = {
			isa = PBXContainerItemProxy;
			containerPortal = OBJ_1 /* Project object */;
			proxyType = 1;
			remoteGlobalIDString = "Nextbike::Nextbike";
			remoteInfo = Nextbike;
		};
		39C5EE251F8120EB004E3111 /* PBXContainerItemProxy */ = {
			isa = PBXContainerItemProxy;
			containerPortal = OBJ_1 /* Project object */;
			proxyType = 1;
			remoteGlobalIDString = "Nextbike::NextbikeTests";
			remoteInfo = NextbikeTests;
		};
/* End PBXContainerItemProxy section */

/* Begin PBXFileReference section */
		39C5EE2A1F812ECE004E3111 /* README.md */ = {isa = PBXFileReference; lastKnownFileType = net.daringfireball.markdown; path = README.md; sourceTree = "<group>"; };
		3AAB96682C1A378E00055CBB /* NetworkManager.swift */ = {isa = PBXFileReference; lastKnownFileType = sourcecode.swift; path = NetworkManager.swift; sourceTree = "<group>"; };
		3AAB966B2C1A37A400055CBB /* Endpoint.swift */ = {isa = PBXFileReference; lastKnownFileType = sourcecode.swift; path = Endpoint.swift; sourceTree = "<group>"; };
		3AAB96712C1A37FF00055CBB /* Country.swift */ = {isa = PBXFileReference; lastKnownFileType = sourcecode.swift; path = Country.swift; sourceTree = "<group>"; };
		3AAB96742C1A380E00055CBB /* City.swift */ = {isa = PBXFileReference; lastKnownFileType = sourcecode.swift; path = City.swift; sourceTree = "<group>"; };
		3AAB96772C1A382300055CBB /* Place.swift */ = {isa = PBXFileReference; lastKnownFileType = sourcecode.swift; path = Place.swift; sourceTree = "<group>"; };
		3AAB967A2C1A39A700055CBB /* Maps.swift */ = {isa = PBXFileReference; lastKnownFileType = sourcecode.swift; path = Maps.swift; sourceTree = "<group>"; };
		3AAB967D2C1AF45100055CBB /* Bikes.swift */ = {isa = PBXFileReference; lastKnownFileType = sourcecode.swift; path = Bikes.swift; sourceTree = "<group>"; };
		3AAB96832C1B0C9700055CBB /* FlexzoneResponse.swift */ = {isa = PBXFileReference; lastKnownFileType = sourcecode.swift; path = FlexzoneResponse.swift; sourceTree = "<group>"; };
		"Nextbike::Nextbike::Product" /* Nextbike.framework */ = {isa = PBXFileReference; explicitFileType = wrapper.framework; path = Nextbike.framework; sourceTree = BUILT_PRODUCTS_DIR; };
		"Nextbike::NextbikeTests::Product" /* NextbikeTests.xctest */ = {isa = PBXFileReference; explicitFileType = wrapper.cfbundle; path = NextbikeTests.xctest; sourceTree = BUILT_PRODUCTS_DIR; };
		OBJ_12 /* NextbikeTests.swift */ = {isa = PBXFileReference; lastKnownFileType = sourcecode.swift; path = NextbikeTests.swift; sourceTree = "<group>"; };
		OBJ_6 /* Package.swift */ = {isa = PBXFileReference; explicitFileType = sourcecode.swift; path = Package.swift; sourceTree = "<group>"; };
		OBJ_9 /* Nextbike.swift */ = {isa = PBXFileReference; lastKnownFileType = sourcecode.swift; path = Nextbike.swift; sourceTree = "<group>"; };
/* End PBXFileReference section */

/* Begin PBXFrameworksBuildPhase section */
		OBJ_28 /* Frameworks */ = {
			isa = PBXFrameworksBuildPhase;
			buildActionMask = 0;
			files = (
				OBJ_29 /* Nextbike.framework in Frameworks */,
			);
			runOnlyForDeploymentPostprocessing = 0;
		};
		OBJ_37 /* Frameworks */ = {
			isa = PBXFrameworksBuildPhase;
			buildActionMask = 0;
			files = (
				3AAB96822C1B071600055CBB /* AnyCodable in Frameworks */,
			);
			runOnlyForDeploymentPostprocessing = 0;
		};
/* End PBXFrameworksBuildPhase section */

/* Begin PBXGroup section */
		3AAB96652C1A375A00055CBB /* Models */ = {
			isa = PBXGroup;
			children = (
				3AAB96712C1A37FF00055CBB /* Country.swift */,
				3AAB96742C1A380E00055CBB /* City.swift */,
				3AAB96772C1A382300055CBB /* Place.swift */,
				3AAB96832C1B0C9700055CBB /* FlexzoneResponse.swift */,
			);
			name = Models;
			path = ../../Models;
			sourceTree = "<group>";
		};
		3AAB96662C1A375F00055CBB /* Network */ = {
			isa = PBXGroup;
			children = (
				3AAB96682C1A378E00055CBB /* NetworkManager.swift */,
				3AAB966B2C1A37A400055CBB /* Endpoint.swift */,
			);
			name = Network;
			path = ../../Network;
			sourceTree = "<group>";
		};
		3AAB96672C1A376600055CBB /* Endpoints */ = {
			isa = PBXGroup;
			children = (
				3AAB967A2C1A39A700055CBB /* Maps.swift */,
				3AAB967D2C1AF45100055CBB /* Bikes.swift */,
			);
			name = Endpoints;
			path = ../../Endpoints;
			sourceTree = "<group>";
		};
		OBJ_10 /* Tests */ = {
			isa = PBXGroup;
			children = (
				OBJ_11 /* NextbikeTests */,
			);
			name = Tests;
			sourceTree = SOURCE_ROOT;
		};
		OBJ_11 /* NextbikeTests */ = {
			isa = PBXGroup;
			children = (
				OBJ_12 /* NextbikeTests.swift */,
			);
			name = NextbikeTests;
			path = Tests/NextbikeTests;
			sourceTree = SOURCE_ROOT;
		};
		OBJ_13 /* Products */ = {
			isa = PBXGroup;
			children = (
				"Nextbike::NextbikeTests::Product" /* NextbikeTests.xctest */,
				"Nextbike::Nextbike::Product" /* Nextbike.framework */,
			);
			name = Products;
			sourceTree = BUILT_PRODUCTS_DIR;
		};
		OBJ_5 = {
			isa = PBXGroup;
			children = (
				39C5EE2A1F812ECE004E3111 /* README.md */,
				OBJ_6 /* Package.swift */,
				OBJ_7 /* Sources */,
				OBJ_10 /* Tests */,
				OBJ_13 /* Products */,
			);
			sourceTree = "<group>";
		};
		OBJ_7 /* Sources */ = {
			isa = PBXGroup;
			children = (
				OBJ_8 /* Nextbike */,
			);
			name = Sources;
			sourceTree = SOURCE_ROOT;
		};
		OBJ_8 /* Nextbike */ = {
			isa = PBXGroup;
			children = (
				3AAB96672C1A376600055CBB /* Endpoints */,
				3AAB96662C1A375F00055CBB /* Network */,
				3AAB96652C1A375A00055CBB /* Models */,
				OBJ_9 /* Nextbike.swift */,
			);
			name = Nextbike;
			path = Sources/Nextbike;
			sourceTree = SOURCE_ROOT;
		};
/* End PBXGroup section */

/* Begin PBXNativeTarget section */
		"Nextbike::Nextbike" /* Nextbike */ = {
			isa = PBXNativeTarget;
			buildConfigurationList = OBJ_32 /* Build configuration list for PBXNativeTarget "Nextbike" */;
			buildPhases = (
				OBJ_35 /* Sources */,
				OBJ_37 /* Frameworks */,
			);
			buildRules = (
			);
			dependencies = (
			);
			name = Nextbike;
			packageProductDependencies = (
				3AAB96812C1B071600055CBB /* AnyCodable */,
			);
			productName = Nextbike;
			productReference = "Nextbike::Nextbike::Product" /* Nextbike.framework */;
			productType = "com.apple.product-type.framework";
		};
		"Nextbike::NextbikeTests" /* NextbikeTests */ = {
			isa = PBXNativeTarget;
			buildConfigurationList = OBJ_23 /* Build configuration list for PBXNativeTarget "NextbikeTests" */;
			buildPhases = (
				OBJ_26 /* Sources */,
				OBJ_28 /* Frameworks */,
			);
			buildRules = (
			);
			dependencies = (
				OBJ_30 /* PBXTargetDependency */,
			);
			name = NextbikeTests;
			productName = NextbikeTests;
			productReference = "Nextbike::NextbikeTests::Product" /* NextbikeTests.xctest */;
			productType = "com.apple.product-type.bundle.unit-test";
		};
		"Nextbike::SwiftPMPackageDescription" /* NextbikePackageDescription */ = {
			isa = PBXNativeTarget;
			buildConfigurationList = OBJ_17 /* Build configuration list for PBXNativeTarget "NextbikePackageDescription" */;
			buildPhases = (
				OBJ_20 /* Sources */,
			);
			buildRules = (
			);
			dependencies = (
			);
			name = NextbikePackageDescription;
			productName = NextbikePackageDescription;
			productType = "com.apple.product-type.framework";
		};
/* End PBXNativeTarget section */

/* Begin PBXProject section */
		OBJ_1 /* Project object */ = {
			isa = PBXProject;
			attributes = {
				LastUpgradeCheck = 9999;
				TargetAttributes = {
					"Nextbike::Nextbike" = {
						LastSwiftMigration = 1520;
					};
					"Nextbike::NextbikeTests" = {
						LastSwiftMigration = 1520;
					};
				};
			};
			buildConfigurationList = OBJ_2 /* Build configuration list for PBXProject "Nextbike" */;
			compatibilityVersion = "Xcode 3.2";
			developmentRegion = English;
			hasScannedForEncodings = 0;
			knownRegions = (
				English,
				en,
			);
			mainGroup = OBJ_5;
			packageReferences = (
				3AAB96802C1B071600055CBB /* XCRemoteSwiftPackageReference "AnyCodable" */,
			);
			productRefGroup = OBJ_13 /* Products */;
			projectDirPath = "";
			projectRoot = "";
			targets = (
				"Nextbike::SwiftPMPackageDescription" /* NextbikePackageDescription */,
				"Nextbike::NextbikeTests" /* NextbikeTests */,
				"Nextbike::Nextbike" /* Nextbike */,
				"Nextbike::NextbikePackageTests::ProductTarget" /* NextbikePackageTests */,
			);
		};
/* End PBXProject section */

/* Begin PBXSourcesBuildPhase section */
		OBJ_20 /* Sources */ = {
			isa = PBXSourcesBuildPhase;
			buildActionMask = 0;
			files = (
				3AAB966A2C1A378E00055CBB /* NetworkManager.swift in Sources */,
				3AAB96762C1A380E00055CBB /* City.swift in Sources */,
				3AAB966C2C1A37A400055CBB /* Endpoint.swift in Sources */,
				3AAB96722C1A37FF00055CBB /* Country.swift in Sources */,
				3AAB96842C1B0C9700055CBB /* FlexzoneResponse.swift in Sources */,
				3AAB96792C1A382300055CBB /* Place.swift in Sources */,
				3AAB967B2C1A39A700055CBB /* Maps.swift in Sources */,
				OBJ_21 /* Package.swift in Sources */,
				3AAB967E2C1AF45100055CBB /* Bikes.swift in Sources */,
			);
			runOnlyForDeploymentPostprocessing = 0;
		};
		OBJ_26 /* Sources */ = {
			isa = PBXSourcesBuildPhase;
			buildActionMask = 0;
			files = (
				OBJ_27 /* NextbikeTests.swift in Sources */,
			);
			runOnlyForDeploymentPostprocessing = 0;
		};
		OBJ_35 /* Sources */ = {
			isa = PBXSourcesBuildPhase;
			buildActionMask = 0;
			files = (
				3AAB96692C1A378E00055CBB /* NetworkManager.swift in Sources */,
				3AAB96752C1A380E00055CBB /* City.swift in Sources */,
				3AAB966D2C1A37A400055CBB /* Endpoint.swift in Sources */,
				3AAB96732C1A37FF00055CBB /* Country.swift in Sources */,
				3AAB96852C1B0C9700055CBB /* FlexzoneResponse.swift in Sources */,
				3AAB96782C1A382300055CBB /* Place.swift in Sources */,
				3AAB967C2C1A39A700055CBB /* Maps.swift in Sources */,
				OBJ_36 /* Nextbike.swift in Sources */,
				3AAB967F2C1AF45100055CBB /* Bikes.swift in Sources */,
			);
			runOnlyForDeploymentPostprocessing = 0;
		};
/* End PBXSourcesBuildPhase section */

/* Begin PBXTargetDependency section */
		OBJ_30 /* PBXTargetDependency */ = {
			isa = PBXTargetDependency;
			target = "Nextbike::Nextbike" /* Nextbike */;
			targetProxy = 39C5EE241F8120EA004E3111 /* PBXContainerItemProxy */;
		};
		OBJ_42 /* PBXTargetDependency */ = {
			isa = PBXTargetDependency;
			target = "Nextbike::NextbikeTests" /* NextbikeTests */;
			targetProxy = 39C5EE251F8120EB004E3111 /* PBXContainerItemProxy */;
		};
/* End PBXTargetDependency section */

/* Begin XCBuildConfiguration section */
		OBJ_18 /* Debug */ = {
			isa = XCBuildConfiguration;
			buildSettings = {
				LD = /usr/bin/true;
				MACOSX_DEPLOYMENT_TARGET = 11.0;
				OTHER_SWIFT_FLAGS = "-swift-version 4 -I /Applications/Xcode.app/Contents/Developer/Toolchains/XcodeDefault.xctoolchain/usr/lib/swift/pm/4 -target x86_64-apple-macosx10.10 -sdk /Applications/Xcode.app/Contents/Developer/Platforms/MacOSX.platform/Developer/SDKs/MacOSX10.13.sdk";
				SWIFT_VERSION = 4.0;
			};
			name = Debug;
		};
		OBJ_19 /* Release */ = {
			isa = XCBuildConfiguration;
			buildSettings = {
				LD = /usr/bin/true;
				MACOSX_DEPLOYMENT_TARGET = 11.0;
				OTHER_SWIFT_FLAGS = "-swift-version 4 -I /Applications/Xcode.app/Contents/Developer/Toolchains/XcodeDefault.xctoolchain/usr/lib/swift/pm/4 -target x86_64-apple-macosx10.10 -sdk /Applications/Xcode.app/Contents/Developer/Platforms/MacOSX.platform/Developer/SDKs/MacOSX10.13.sdk";
				SWIFT_VERSION = 4.0;
			};
			name = Release;
		};
		OBJ_24 /* Debug */ = {
			isa = XCBuildConfiguration;
			buildSettings = {
				EMBEDDED_CONTENT_CONTAINS_SWIFT = YES;
				FRAMEWORK_SEARCH_PATHS = (
					"$(inherited)",
					"$(PLATFORM_DIR)/Developer/Library/Frameworks",
				);
				HEADER_SEARCH_PATHS = "$(inherited)";
				INFOPLIST_FILE = Nextbike.xcodeproj/NextbikeTests_Info.plist;
				LD_RUNPATH_SEARCH_PATHS = (
					"@loader_path/../Frameworks",
					"@loader_path/Frameworks",
				);
				MACOSX_DEPLOYMENT_TARGET = 11.0;
				OTHER_LDFLAGS = "$(inherited)";
				OTHER_SWIFT_FLAGS = "$(inherited)";
				SWIFT_VERSION = 5.0;
				TARGET_NAME = NextbikeTests;
			};
			name = Debug;
		};
		OBJ_25 /* Release */ = {
			isa = XCBuildConfiguration;
			buildSettings = {
				EMBEDDED_CONTENT_CONTAINS_SWIFT = YES;
				FRAMEWORK_SEARCH_PATHS = (
					"$(inherited)",
					"$(PLATFORM_DIR)/Developer/Library/Frameworks",
				);
				HEADER_SEARCH_PATHS = "$(inherited)";
				INFOPLIST_FILE = Nextbike.xcodeproj/NextbikeTests_Info.plist;
				LD_RUNPATH_SEARCH_PATHS = (
					"@loader_path/../Frameworks",
					"@loader_path/Frameworks",
				);
				MACOSX_DEPLOYMENT_TARGET = 11.0;
				OTHER_LDFLAGS = "$(inherited)";
				OTHER_SWIFT_FLAGS = "$(inherited)";
				SWIFT_VERSION = 5.0;
				TARGET_NAME = NextbikeTests;
			};
			name = Release;
		};
		OBJ_3 /* Debug */ = {
			isa = XCBuildConfiguration;
			buildSettings = {
				CLANG_ENABLE_OBJC_ARC = YES;
				COMBINE_HIDPI_IMAGES = YES;
				COPY_PHASE_STRIP = NO;
				DEBUG_INFORMATION_FORMAT = dwarf;
				DYLIB_INSTALL_NAME_BASE = "@rpath";
				ENABLE_NS_ASSERTIONS = YES;
				GCC_OPTIMIZATION_LEVEL = 0;
				MACOSX_DEPLOYMENT_TARGET = 10.10;
				ONLY_ACTIVE_ARCH = YES;
				OTHER_SWIFT_FLAGS = "-DXcode";
				PRODUCT_NAME = "$(TARGET_NAME)";
				SDKROOT = macosx;
				SUPPORTED_PLATFORMS = "macosx iphoneos iphonesimulator appletvos appletvsimulator watchos watchsimulator";
				SWIFT_ACTIVE_COMPILATION_CONDITIONS = SWIFT_PACKAGE;
				SWIFT_OPTIMIZATION_LEVEL = "-Onone";
				USE_HEADERMAP = NO;
			};
			name = Debug;
		};
		OBJ_33 /* Debug */ = {
			isa = XCBuildConfiguration;
			buildSettings = {
				ENABLE_TESTABILITY = YES;
				FRAMEWORK_SEARCH_PATHS = (
					"$(inherited)",
					"$(PLATFORM_DIR)/Developer/Library/Frameworks",
				);
				HEADER_SEARCH_PATHS = "$(inherited)";
				INFOPLIST_FILE = Nextbike.xcodeproj/Nextbike_Info.plist;
				IPHONEOS_DEPLOYMENT_TARGET = 8.0;
				LD_RUNPATH_SEARCH_PATHS = "$(TOOLCHAIN_DIR)/usr/lib/swift/macosx";
				MACOSX_DEPLOYMENT_TARGET = 11.0;
				OTHER_LDFLAGS = "$(inherited)";
				OTHER_SWIFT_FLAGS = "$(inherited)";
				PRODUCT_BUNDLE_IDENTIFIER = Nextbike;
				PRODUCT_MODULE_NAME = "$(TARGET_NAME:c99extidentifier)";
				PRODUCT_NAME = "$(TARGET_NAME:c99extidentifier)";
				SKIP_INSTALL = YES;
				SUPPORTED_PLATFORMS = "appletvos appletvsimulator iphoneos iphonesimulator macosx watchos watchsimulator";
				SUPPORTS_MACCATALYST = NO;
				SWIFT_VERSION = 5.0;
				TARGETED_DEVICE_FAMILY = 1;
				TARGET_NAME = Nextbike;
				TVOS_DEPLOYMENT_TARGET = 9.0;
				WATCHOS_DEPLOYMENT_TARGET = 2.0;
			};
			name = Debug;
		};
		OBJ_34 /* Release */ = {
			isa = XCBuildConfiguration;
			buildSettings = {
				ENABLE_TESTABILITY = YES;
				FRAMEWORK_SEARCH_PATHS = (
					"$(inherited)",
					"$(PLATFORM_DIR)/Developer/Library/Frameworks",
				);
				HEADER_SEARCH_PATHS = "$(inherited)";
				INFOPLIST_FILE = Nextbike.xcodeproj/Nextbike_Info.plist;
				IPHONEOS_DEPLOYMENT_TARGET = 8.0;
				LD_RUNPATH_SEARCH_PATHS = "$(TOOLCHAIN_DIR)/usr/lib/swift/macosx";
				MACOSX_DEPLOYMENT_TARGET = 11.0;
				OTHER_LDFLAGS = "$(inherited)";
				OTHER_SWIFT_FLAGS = "$(inherited)";
				PRODUCT_BUNDLE_IDENTIFIER = Nextbike;
				PRODUCT_MODULE_NAME = "$(TARGET_NAME:c99extidentifier)";
				PRODUCT_NAME = "$(TARGET_NAME:c99extidentifier)";
				SKIP_INSTALL = YES;
				SUPPORTED_PLATFORMS = "appletvos appletvsimulator iphoneos iphonesimulator macosx watchos watchsimulator";
				SUPPORTS_MACCATALYST = NO;
				SWIFT_VERSION = 5.0;
				TARGETED_DEVICE_FAMILY = 1;
				TARGET_NAME = Nextbike;
				TVOS_DEPLOYMENT_TARGET = 9.0;
				WATCHOS_DEPLOYMENT_TARGET = 2.0;
			};
			name = Release;
		};
		OBJ_4 /* Release */ = {
			isa = XCBuildConfiguration;
			buildSettings = {
				CLANG_ENABLE_OBJC_ARC = YES;
				COMBINE_HIDPI_IMAGES = YES;
				COPY_PHASE_STRIP = YES;
				DEBUG_INFORMATION_FORMAT = "dwarf-with-dsym";
				DYLIB_INSTALL_NAME_BASE = "@rpath";
				GCC_OPTIMIZATION_LEVEL = s;
				MACOSX_DEPLOYMENT_TARGET = 10.10;
				OTHER_SWIFT_FLAGS = "-DXcode";
				PRODUCT_NAME = "$(TARGET_NAME)";
				SDKROOT = macosx;
				SUPPORTED_PLATFORMS = "macosx iphoneos iphonesimulator appletvos appletvsimulator watchos watchsimulator";
				SWIFT_ACTIVE_COMPILATION_CONDITIONS = SWIFT_PACKAGE;
				SWIFT_COMPILATION_MODE = wholemodule;
				SWIFT_OPTIMIZATION_LEVEL = "-O";
				USE_HEADERMAP = NO;
			};
			name = Release;
		};
		OBJ_40 /* Debug */ = {
			isa = XCBuildConfiguration;
			buildSettings = {
			};
			name = Debug;
		};
		OBJ_41 /* Release */ = {
			isa = XCBuildConfiguration;
			buildSettings = {
			};
			name = Release;
		};
/* End XCBuildConfiguration section */

/* Begin XCConfigurationList section */
		OBJ_17 /* Build configuration list for PBXNativeTarget "NextbikePackageDescription" */ = {
			isa = XCConfigurationList;
			buildConfigurations = (
				OBJ_18 /* Debug */,
				OBJ_19 /* Release */,
			);
			defaultConfigurationIsVisible = 0;
			defaultConfigurationName = Debug;
		};
		OBJ_2 /* Build configuration list for PBXProject "Nextbike" */ = {
			isa = XCConfigurationList;
			buildConfigurations = (
				OBJ_3 /* Debug */,
				OBJ_4 /* Release */,
			);
			defaultConfigurationIsVisible = 0;
			defaultConfigurationName = Debug;
		};
		OBJ_23 /* Build configuration list for PBXNativeTarget "NextbikeTests" */ = {
			isa = XCConfigurationList;
			buildConfigurations = (
				OBJ_24 /* Debug */,
				OBJ_25 /* Release */,
			);
			defaultConfigurationIsVisible = 0;
			defaultConfigurationName = Debug;
		};
		OBJ_32 /* Build configuration list for PBXNativeTarget "Nextbike" */ = {
			isa = XCConfigurationList;
			buildConfigurations = (
				OBJ_33 /* Debug */,
				OBJ_34 /* Release */,
			);
			defaultConfigurationIsVisible = 0;
			defaultConfigurationName = Debug;
		};
		OBJ_39 /* Build configuration list for PBXAggregateTarget "NextbikePackageTests" */ = {
			isa = XCConfigurationList;
			buildConfigurations = (
				OBJ_40 /* Debug */,
				OBJ_41 /* Release */,
			);
			defaultConfigurationIsVisible = 0;
			defaultConfigurationName = Debug;
		};
/* End XCConfigurationList section */

/* Begin XCRemoteSwiftPackageReference section */
		3AAB96802C1B071600055CBB /* XCRemoteSwiftPackageReference "AnyCodable" */ = {
			isa = XCRemoteSwiftPackageReference;
			repositoryURL = "https://github.com/Flight-School/AnyCodable";
			requirement = {
				kind = upToNextMajorVersion;
				minimumVersion = 0.6.7;
			};
		};
/* End XCRemoteSwiftPackageReference section */

/* Begin XCSwiftPackageProductDependency section */
		3AAB96812C1B071600055CBB /* AnyCodable */ = {
			isa = XCSwiftPackageProductDependency;
			package = 3AAB96802C1B071600055CBB /* XCRemoteSwiftPackageReference "AnyCodable" */;
			productName = AnyCodable;
		};
/* End XCSwiftPackageProductDependency section */
	};
	rootObject = OBJ_1 /* Project object */;
}
